
Microsoft Visual Studio Solution File, Format Version 12.00
# Visual Studio Version 17
VisualStudioVersion = 17.6.33815.320
MinimumVisualStudioVersion = 10.0.40219.1
Project("{9A19103F-16F7-4668-BE54-9A1E7A4F7556}") = "Final.Model", "Final.Model\Final.Model.csproj", "{8E2255ED-D19D-47E6-BC8C-C7689F43E887}"
EndProject
Project("{9A19103F-16F7-4668-BE54-9A1E7A4F7556}") = "Final_Irepository", "Final_Irepository\Final_Irepository.csproj", "{2C6EDDCC-ECA8-4F56-9DED-D9602D2A206B}"
EndProject
Project("{9A19103F-16F7-4668-BE54-9A1E7A4F7556}") = "Final_Rpeository", "Final_Rpeository\Final_Rpeository.csproj", "{F03AC114-3BF1-4611-AECC-61FDD8C9CFF0}"
EndProject
Project("{9A19103F-16F7-4668-BE54-9A1E7A4F7556}") = "FinalWeb", "FinalWeb\FinalWeb.csproj", "{AD6D4511-4B33-42CD-B73B-DC1CD4D531F7}"
EndProject
Project("{FAE04EC0-301F-11D3-BF4B-00C04F79EFBC}") = "API", "API\API.csproj", "{9FA370F5-55E7-4CC9-AE51-5920D2FB6742}"
EndProject
Global
	GlobalSection(SolutionConfigurationPlatforms) = preSolution
		Debug|Any CPU = Debug|Any CPU
		Release|Any CPU = Release|Any CPU
	EndGlobalSection
	GlobalSection(ProjectConfigurationPlatforms) = postSolution
		{8E2255ED-D19D-47E6-BC8C-C7689F43E887}.Debug|Any CPU.ActiveCfg = Debug|Any CPU
		{8E2255ED-D19D-47E6-BC8C-C7689F43E887}.Debug|Any CPU.Build.0 = Debug|Any CPU
		{8E2255ED-D19D-47E6-BC8C-C7689F43E887}.Release|Any CPU.ActiveCfg = Release|Any CPU
		{8E2255ED-D19D-47E6-BC8C-C7689F43E887}.Release|Any CPU.Build.0 = Release|Any CPU
		{2C6EDDCC-ECA8-4F56-9DED-D9602D2A206B}.Debug|Any CPU.ActiveCfg = Debug|Any CPU
		{2C6EDDCC-ECA8-4F56-9DED-D9602D2A206B}.Debug|Any CPU.Build.0 = Debug|Any CPU
		{2C6EDDCC-ECA8-4F56-9DED-D9602D2A206B}.Release|Any CPU.ActiveCfg = Release|Any CPU
		{2C6EDDCC-ECA8-4F56-9DED-D9602D2A206B}.Release|Any CPU.Build.0 = Release|Any CPU
		{F03AC114-3BF1-4611-AECC-61FDD8C9CFF0}.Debug|Any CPU.ActiveCfg = Debug|Any CPU
		{F03AC114-3BF1-4611-AECC-61FDD8C9CFF0}.Debug|Any CPU.Build.0 = Debug|Any CPU
		{F03AC114-3BF1-4611-AECC-61FDD8C9CFF0}.Release|Any CPU.ActiveCfg = Release|Any CPU
		{F03AC114-3BF1-4611-AECC-61FDD8C9CFF0}.Release|Any CPU.Build.0 = Release|Any CPU
		{AD6D4511-4B33-42CD-B73B-DC1CD4D531F7}.Debug|Any CPU.ActiveCfg = Debug|Any CPU
		{AD6D4511-4B33-42CD-B73B-DC1CD4D531F7}.Debug|Any CPU.Build.0 = Debug|Any CPU
		{AD6D4511-4B33-42CD-B73B-DC1CD4D531F7}.Release|Any CPU.ActiveCfg = Release|Any CPU
		{AD6D4511-4B33-42CD-B73B-DC1CD4D531F7}.Release|Any CPU.Build.0 = Release|Any CPU
		{9FA370F5-55E7-4CC9-AE51-5920D2FB6742}.Debug|Any CPU.ActiveCfg = Debug|Any CPU
		{9FA370F5-55E7-4CC9-AE51-5920D2FB6742}.Debug|Any CPU.Build.0 = Debug|Any CPU
		{9FA370F5-55E7-4CC9-AE51-5920D2FB6742}.Release|Any CPU.ActiveCfg = Release|Any CPU
		{9FA370F5-55E7-4CC9-AE51-5920D2FB6742}.Release|Any CPU.Build.0 = Release|Any CPU
	EndGlobalSection
	GlobalSection(SolutionProperties) = preSolution
		HideSolutionNode = FALSE
	EndGlobalSection
	GlobalSection(ExtensibilityGlobals) = postSolution
		SolutionGuid = {256EE6A6-68B5-49BB-A04D-6A13F592B04A}
	EndGlobalSection
EndGlobal
